
Microsoft Visual Studio Solution File, Format Version 12.00
# Visual Studio Version 17
VisualStudioVersion = 17.9.34607.119
MinimumVisualStudioVersion = 10.0.40219.1
Project("{9A19103F-16F7-4668-BE54-9A1E7A4F7556}") = "TweetService", "TweetService\TweetService.csproj", "{CEA0CC0B-3F5C-40F4-B931-B0AEA2331EB5}"
EndProject
Project("{FAE04EC0-301F-11D3-BF4B-00C04F79EFBC}") = "ProfileService", "ProfileService\ProfileService.csproj", "{0B725BDE-765E-4FF4-8D12-C284CB0CE8A7}"
EndProject
Global
	GlobalSection(SolutionConfigurationPlatforms) = preSolution
		Debug|Any CPU = Debug|Any CPU
		Release|Any CPU = Release|Any CPU
	EndGlobalSection
	GlobalSection(ProjectConfigurationPlatforms) = postSolution
		{CEA0CC0B-3F5C-40F4-B931-B0AEA2331EB5}.Debug|Any CPU.ActiveCfg = Debug|Any CPU
		{CEA0CC0B-3F5C-40F4-B931-B0AEA2331EB5}.Debug|Any CPU.Build.0 = Debug|Any CPU
		{CEA0CC0B-3F5C-40F4-B931-B0AEA2331EB5}.Release|Any CPU.ActiveCfg = Release|Any CPU
		{CEA0CC0B-3F5C-40F4-B931-B0AEA2331EB5}.Release|Any CPU.Build.0 = Release|Any CPU
		{0B725BDE-765E-4FF4-8D12-C284CB0CE8A7}.Debug|Any CPU.ActiveCfg = Debug|Any CPU
		{0B725BDE-765E-4FF4-8D12-C284CB0CE8A7}.Debug|Any CPU.Build.0 = Debug|Any CPU
		{0B725BDE-765E-4FF4-8D12-C284CB0CE8A7}.Release|Any CPU.ActiveCfg = Release|Any CPU
		{0B725BDE-765E-4FF4-8D12-C284CB0CE8A7}.Release|Any CPU.Build.0 = Release|Any CPU
	EndGlobalSection
	GlobalSection(SolutionProperties) = preSolution
		HideSolutionNode = FALSE
	EndGlobalSection
	GlobalSection(ExtensibilityGlobals) = postSolution
		SolutionGuid = {FAEE256B-BA32-4DB3-9B77-27B01779E3C6}
	EndGlobalSection
EndGlobal
